// !$*UTF8*$!
{
	archiveVersion = 1;
	classes = {
	};
	objectVersion = 50;
	objects = {

/* Begin PBXBuildFile section */
		FC4015A522847CBC00CD9F5D /* AppDelegate.swift in Sources */ = {isa = PBXBuildFile; fileRef = FC4015A422847CBC00CD9F5D /* AppDelegate.swift */; };
		FC4015A722847CBC00CD9F5D /* TodoListViewController.swift in Sources */ = {isa = PBXBuildFile; fileRef = FC4015A622847CBC00CD9F5D /* TodoListViewController.swift */; };
		FC4015AA22847CBC00CD9F5D /* Main.storyboard in Resources */ = {isa = PBXBuildFile; fileRef = FC4015A822847CBC00CD9F5D /* Main.storyboard */; };
		FC4015AC22847CBE00CD9F5D /* Assets.xcassets in Resources */ = {isa = PBXBuildFile; fileRef = FC4015AB22847CBE00CD9F5D /* Assets.xcassets */; };
		FC4015AF22847CBF00CD9F5D /* LaunchScreen.storyboard in Resources */ = {isa = PBXBuildFile; fileRef = FC4015AD22847CBF00CD9F5D /* LaunchScreen.storyboard */; };
		FCE6D20B228861B40048F5C3 /* Item.swift in Sources */ = {isa = PBXBuildFile; fileRef = FCE6D20A228861B40048F5C3 /* Item.swift */; };
/* End PBXBuildFile section */

/* Begin PBXFileReference section */
		FC4015A122847CBC00CD9F5D /* Todoey.app */ = {isa = PBXFileReference; explicitFileType = wrapper.application; includeInIndex = 0; path = Todoey.app; sourceTree = BUILT_PRODUCTS_DIR; };
		FC4015A422847CBC00CD9F5D /* AppDelegate.swift */ = {isa = PBXFileReference; lastKnownFileType = sourcecode.swift; path = AppDelegate.swift; sourceTree = "<group>"; };
		FC4015A622847CBC00CD9F5D /* TodoListViewController.swift */ = {isa = PBXFileReference; lastKnownFileType = sourcecode.swift; path = TodoListViewController.swift; sourceTree = "<group>"; };
		FC4015A922847CBC00CD9F5D /* Base */ = {isa = PBXFileReference; lastKnownFileType = file.storyboard; name = Base; path = Base.lproj/Main.storyboard; sourceTree = "<group>"; };
		FC4015AB22847CBE00CD9F5D /* Assets.xcassets */ = {isa = PBXFileReference; lastKnownFileType = folder.assetcatalog; path = Assets.xcassets; sourceTree = "<group>"; };
		FC4015AE22847CBF00CD9F5D /* Base */ = {isa = PBXFileReference; lastKnownFileType = file.storyboard; name = Base; path = Base.lproj/LaunchScreen.storyboard; sourceTree = "<group>"; };
		FC4015B022847CBF00CD9F5D /* Info.plist */ = {isa = PBXFileReference; lastKnownFileType = text.plist.xml; path = Info.plist; sourceTree = "<group>"; };
		FCE6D20A228861B40048F5C3 /* Item.swift */ = {isa = PBXFileReference; lastKnownFileType = sourcecode.swift; path = Item.swift; sourceTree = "<group>"; };
/* End PBXFileReference section */

/* Begin PBXFrameworksBuildPhase section */
		FC40159E22847CBC00CD9F5D /* Frameworks */ = {
			isa = PBXFrameworksBuildPhase;
			buildActionMask = 2147483647;
			files = (
			);
			runOnlyForDeploymentPostprocessing = 0;
		};
/* End PBXFrameworksBuildPhase section */

/* Begin PBXGroup section */
		FC40159822847CBC00CD9F5D = {
			isa = PBXGroup;
			children = (
				FC4015A322847CBC00CD9F5D /* Todoey */,
				FC4015A222847CBC00CD9F5D /* Products */,
			);
			sourceTree = "<group>";
		};
		FC4015A222847CBC00CD9F5D /* Products */ = {
			isa = PBXGroup;
			children = (
				FC4015A122847CBC00CD9F5D /* Todoey.app */,
			);
			name = Products;
			sourceTree = "<group>";
		};
		FC4015A322847CBC00CD9F5D /* Todoey */ = {
			isa = PBXGroup;
			children = (
				FC4015A422847CBC00CD9F5D /* AppDelegate.swift */,
				FCE6D20D228863020048F5C3 /* Controllers */,
				FCE6D20C228862A00048F5C3 /* Data Model */,
				FCE6D20E228863460048F5C3 /* Views */,
				FCE6D20F228863890048F5C3 /* Supporting Files */,
				FC4015B022847CBF00CD9F5D /* Info.plist */,
			);
			path = Todoey;
			sourceTree = "<group>";
		};
		FCE6D20C228862A00048F5C3 /* Data Model */ = {
			isa = PBXGroup;
			children = (
				FCE6D20A228861B40048F5C3 /* Item.swift */,
			);
			path = "Data Model";
			sourceTree = "<group>";
		};
		FCE6D20D228863020048F5C3 /* Controllers */ = {
			isa = PBXGroup;
			children = (
				FC4015A622847CBC00CD9F5D /* TodoListViewController.swift */,
			);
			path = Controllers;
			sourceTree = "<group>";
		};
		FCE6D20E228863460048F5C3 /* Views */ = {
			isa = PBXGroup;
			children = (
				FC4015A822847CBC00CD9F5D /* Main.storyboard */,
			);
			path = Views;
			sourceTree = "<group>";
		};
		FCE6D20F228863890048F5C3 /* Supporting Files */ = {
			isa = PBXGroup;
			children = (
				FC4015AB22847CBE00CD9F5D /* Assets.xcassets */,
				FC4015AD22847CBF00CD9F5D /* LaunchScreen.storyboard */,
			);
			path = "Supporting Files";
			sourceTree = "<group>";
		};
/* End PBXGroup section */

/* Begin PBXNativeTarget section */
		FC4015A022847CBC00CD9F5D /* Todoey */ = {
			isa = PBXNativeTarget;
			buildConfigurationList = FC4015B322847CBF00CD9F5D /* Build configuration list for PBXNativeTarget "Todoey" */;
			buildPhases = (
				FC40159D22847CBC00CD9F5D /* Sources */,
				FC40159E22847CBC00CD9F5D /* Frameworks */,
				FC40159F22847CBC00CD9F5D /* Resources */,
			);
			buildRules = (
			);
			dependencies = (
			);
			name = Todoey;
			productName = Todoey;
			productReference = FC4015A122847CBC00CD9F5D /* Todoey.app */;
			productType = "com.apple.product-type.application";
		};
/* End PBXNativeTarget section */

/* Begin PBXProject section */
		FC40159922847CBC00CD9F5D /* Project object */ = {
			isa = PBXProject;
			attributes = {
				LastSwiftUpdateCheck = 1020;
				LastUpgradeCheck = 1020;
				ORGANIZATIONNAME = "Mauro Farabegoli M.";
				TargetAttributes = {
					FC4015A022847CBC00CD9F5D = {
						CreatedOnToolsVersion = 10.2;
					};
				};
			};
			buildConfigurationList = FC40159C22847CBC00CD9F5D /* Build configuration list for PBXProject "Todoey" */;
			compatibilityVersion = "Xcode 9.3";
			developmentRegion = en;
			hasScannedForEncodings = 0;
			knownRegions = (
				en,
				Base,
			);
			mainGroup = FC40159822847CBC00CD9F5D;
			productRefGroup = FC4015A222847CBC00CD9F5D /* Products */;
			projectDirPath = "";
			projectRoot = "";
			targets = (
				FC4015A022847CBC00CD9F5D /* Todoey */,
			);
		};
/* End PBXProject section */

/* Begin PBXResourcesBuildPhase section */
		FC40159F22847CBC00CD9F5D /* Resources */ = {
			isa = PBXResourcesBuildPhase;
			buildActionMask = 2147483647;
			files = (
				FC4015AF22847CBF00CD9F5D /* LaunchScreen.storyboard in Resources */,
				FC4015AC22847CBE00CD9F5D /* Assets.xcassets in Resources */,
				FC4015AA22847CBC00CD9F5D /* Main.storyboard in Resources */,
			);
			runOnlyForDeploymentPostprocessing = 0;
		};
/* End PBXResourcesBuildPhase section */

/* Begin PBXSourcesBuildPhase section */
		FC40159D22847CBC00CD9F5D /* Sources */ = {
			isa = PBXSourcesBuildPhase;
			buildActionMask = 2147483647;
			files = (
				FC4015A722847CBC00CD9F5D /* TodoListViewController.swift in Sources */,
				FCE6D20B228861B40048F5C3 /* Item.swift in Sources */,
				FC4015A522847CBC00CD9F5D /* AppDelegate.swift in Sources */,
			);
			runOnlyForDeploymentPostprocessing = 0;
		};
/* End PBXSourcesBuildPhase section */

/* Begin PBXVariantGroup section */
		FC4015A822847CBC00CD9F5D /* Main.storyboard */ = {
			isa = PBXVariantGroup;
			children = (
				FC4015A922847CBC00CD9F5D /* Base */,
			);
			name = Main.storyboard;
			sourceTree = "<group>";
		};
		FC4015AD22847CBF00CD9F5D /* LaunchScreen.storyboard */ = {
			isa = PBXVariantGroup;
			children = (
				FC4015AE22847CBF00CD9F5D /* Base */,
			);
			name = LaunchScreen.storyboard;
			sourceTree = "<group>";
		};
/* End PBXVariantGroup section */

/* Begin XCBuildConfiguration section */
		FC4015B122847CBF00CD9F5D /* Debug */ = {
			isa = XCBuildConfiguration;
			buildSettings = {
				ALWAYS_SEARCH_USER_PATHS = NO;
				CLANG_ANALYZER_NONNULL = YES;
				CLANG_ANALYZER_NUMBER_OBJECT_CONVERSION = YES_AGGRESSIVE;
				CLANG_CXX_LANGUAGE_STANDARD = "gnu++14";
				CLANG_CXX_LIBRARY = "libc++";
				CLANG_ENABLE_MODULES = YES;
				CLANG_ENABLE_OBJC_ARC = YES;
				CLANG_ENABLE_OBJC_WEAK = YES;
				CLANG_WARN_BLOCK_CAPTURE_AUTORELEASING = YES;
				CLANG_WARN_BOOL_CONVERSION = YES;
				CLANG_WARN_COMMA = YES;
				CLANG_WARN_CONSTANT_CONVERSION = YES;
				CLANG_WARN_DEPRECATED_OBJC_IMPLEMENTATIONS = YES;
				CLANG_WARN_DIRECT_OBJC_ISA_USAGE = YES_ERROR;
				CLANG_WARN_DOCUMENTATION_COMMENTS = YES;
				CLANG_WARN_EMPTY_BODY = YES;
				CLANG_WARN_ENUM_CONVERSION = YES;
				CLANG_WARN_INFINITE_RECURSION = YES;
				CLANG_WARN_INT_CONVERSION = YES;
				CLANG_WARN_NON_LITERAL_NULL_CONVERSION = YES;
				CLANG_WARN_OBJC_IMPLICIT_RETAIN_SELF = YES;
				CLANG_WARN_OBJC_LITERAL_CONVERSION = YES;
				CLANG_WARN_OBJC_ROOT_CLASS = YES_ERROR;
				CLANG_WARN_RANGE_LOOP_ANALYSIS = YES;
				CLANG_WARN_STRICT_PROTOTYPES = YES;
				CLANG_WARN_SUSPICIOUS_MOVE = YES;
				CLANG_WARN_UNGUARDED_AVAILABILITY = YES_AGGRESSIVE;
				CLANG_WARN_UNREACHABLE_CODE = YES;
				CLANG_WARN__DUPLICATE_METHOD_MATCH = YES;
				CODE_SIGN_IDENTITY = "iPhone Developer";
				COPY_PHASE_STRIP = NO;
				DEBUG_INFORMATION_FORMAT = dwarf;
				ENABLE_STRICT_OBJC_MSGSEND = YES;
				ENABLE_TESTABILITY = YES;
				GCC_C_LANGUAGE_STANDARD = gnu11;
				GCC_DYNAMIC_NO_PIC = NO;
				GCC_NO_COMMON_BLOCKS = YES;
				GCC_OPTIMIZATION_LEVEL = 0;
				GCC_PREPROCESSOR_DEFINITIONS = (
					"DEBUG=1",
					"$(inherited)",
				);
				GCC_WARN_64_TO_32_BIT_CONVERSION = YES;
				GCC_WARN_ABOUT_RETURN_TYPE = YES_ERROR;
				GCC_WARN_UNDECLARED_SELECTOR = YES;
				GCC_WARN_UNINITIALIZED_AUTOS = YES_AGGRESSIVE;
				GCC_WARN_UNUSED_FUNCTION = YES;
				GCC_WARN_UNUSED_VARIABLE = YES;
				IPHONEOS_DEPLOYMENT_TARGET = 12.2;
				MTL_ENABLE_DEBUG_INFO = INCLUDE_SOURCE;
				MTL_FAST_MATH = YES;
				ONLY_ACTIVE_ARCH = YES;
				SDKROOT = iphoneos;
				SWIFT_ACTIVE_COMPILATION_CONDITIONS = DEBUG;
				SWIFT_OPTIMIZATION_LEVEL = "-Onone";
			};
			name = Debug;
		};
		FC4015B222847CBF00CD9F5D /* Release */ = {
			isa = XCBuildConfiguration;
			buildSettings = {
				ALWAYS_SEARCH_USER_PATHS = NO;
				CLANG_ANALYZER_NONNULL = YES;
				CLANG_ANALYZER_NUMBER_OBJECT_CONVERSION = YES_AGGRESSIVE;
				CLANG_CXX_LANGUAGE_STANDARD = "gnu++14";
				CLANG_CXX_LIBRARY = "libc++";
				CLANG_ENABLE_MODULES = YES;
				CLANG_ENABLE_OBJC_ARC = YES;
				CLANG_ENABLE_OBJC_WEAK = YES;
				CLANG_WARN_BLOCK_CAPTURE_AUTORELEASING = YES;
				CLANG_WARN_BOOL_CONVERSION = YES;
				CLANG_WARN_COMMA = YES;
				CLANG_WARN_CONSTANT_CONVERSION = YES;
				CLANG_WARN_DEPRECATED_OBJC_IMPLEMENTATIONS = YES;
				CLANG_WARN_DIRECT_OBJC_ISA_USAGE = YES_ERROR;
				CLANG_WARN_DOCUMENTATION_COMMENTS = YES;
				CLANG_WARN_EMPTY_BODY = YES;
				CLANG_WARN_ENUM_CONVERSION = YES;
				CLANG_WARN_INFINITE_RECURSION = YES;
				CLANG_WARN_INT_CONVERSION = YES;
				CLANG_WARN_NON_LITERAL_NULL_CONVERSION = YES;
				CLANG_WARN_OBJC_IMPLICIT_RETAIN_SELF = YES;
				CLANG_WARN_OBJC_LITERAL_CONVERSION = YES;
				CLANG_WARN_OBJC_ROOT_CLASS = YES_ERROR;
				CLANG_WARN_RANGE_LOOP_ANALYSIS = YES;
				CLANG_WARN_STRICT_PROTOTYPES = YES;
				CLANG_WARN_SUSPICIOUS_MOVE = YES;
				CLANG_WARN_UNGUARDED_AVAILABILITY = YES_AGGRESSIVE;
				CLANG_WARN_UNREACHABLE_CODE = YES;
				CLANG_WARN__DUPLICATE_METHOD_MATCH = YES;
				CODE_SIGN_IDENTITY = "iPhone Developer";
				COPY_PHASE_STRIP = NO;
				DEBUG_INFORMATION_FORMAT = "dwarf-with-dsym";
				ENABLE_NS_ASSERTIONS = NO;
				ENABLE_STRICT_OBJC_MSGSEND = YES;
				GCC_C_LANGUAGE_STANDARD = gnu11;
				GCC_NO_COMMON_BLOCKS = YES;
				GCC_WARN_64_TO_32_BIT_CONVERSION = YES;
				GCC_WARN_ABOUT_RETURN_TYPE = YES_ERROR;
				GCC_WARN_UNDECLARED_SELECTOR = YES;
				GCC_WARN_UNINITIALIZED_AUTOS = YES_AGGRESSIVE;
				GCC_WARN_UNUSED_FUNCTION = YES;
				GCC_WARN_UNUSED_VARIABLE = YES;
				IPHONEOS_DEPLOYMENT_TARGET = 12.2;
				MTL_ENABLE_DEBUG_INFO = NO;
				MTL_FAST_MATH = YES;
				SDKROOT = iphoneos;
				SWIFT_COMPILATION_MODE = wholemodule;
				SWIFT_OPTIMIZATION_LEVEL = "-O";
				VALIDATE_PRODUCT = YES;
			};
			name = Release;
		};
		FC4015B422847CBF00CD9F5D /* Debug */ = {
			isa = XCBuildConfiguration;
			buildSettings = {
				ASSETCATALOG_COMPILER_APPICON_NAME = AppIcon;
				CODE_SIGN_STYLE = Automatic;
				DEVELOPMENT_TEAM = 4JJWK9B46A;
				INFOPLIST_FILE = Todoey/Info.plist;
				LD_RUNPATH_SEARCH_PATHS = (
					"$(inherited)",
					"@executable_path/Frameworks",
				);
				PRODUCT_BUNDLE_IDENTIFIER = com.Maurofar.Todoey;
				PRODUCT_NAME = "$(TARGET_NAME)";
				SWIFT_VERSION = 5.0;
				TARGETED_DEVICE_FAMILY = "1,2";
			};
			name = Debug;
		};
		FC4015B522847CBF00CD9F5D /* Release */ = {
			isa = XCBuildConfiguration;
			buildSettings = {
				ASSETCATALOG_COMPILER_APPICON_NAME = AppIcon;
				CODE_SIGN_STYLE = Automatic;
				DEVELOPMENT_TEAM = 4JJWK9B46A;
				INFOPLIST_FILE = Todoey/Info.plist;
				LD_RUNPATH_SEARCH_PATHS = (
					"$(inherited)",
					"@executable_path/Frameworks",
				);
				PRODUCT_BUNDLE_IDENTIFIER = com.Maurofar.Todoey;
				PRODUCT_NAME = "$(TARGET_NAME)";
				SWIFT_VERSION = 5.0;
				TARGETED_DEVICE_FAMILY = "1,2";
			};
			name = Release;
		};
/* End XCBuildConfiguration section */

/* Begin XCConfigurationList section */
		FC40159C22847CBC00CD9F5D /* Build configuration list for PBXProject "Todoey" */ = {
			isa = XCConfigurationList;
			buildConfigurations = (
				FC4015B122847CBF00CD9F5D /* Debug */,
				FC4015B222847CBF00CD9F5D /* Release */,
			);
			defaultConfigurationIsVisible = 0;
			defaultConfigurationName = Release;
		};
		FC4015B322847CBF00CD9F5D /* Build configuration list for PBXNativeTarget "Todoey" */ = {
			isa = XCConfigurationList;
			buildConfigurations = (
				FC4015B422847CBF00CD9F5D /* Debug */,
				FC4015B522847CBF00CD9F5D /* Release */,
			);
			defaultConfigurationIsVisible = 0;
			defaultConfigurationName = Release;
		};
/* End XCConfigurationList section */
	};
	rootObject = FC40159922847CBC00CD9F5D /* Project object */;
}
